
Microsoft Visual Studio Solution File, Format Version 12.00
# Visual Studio Version 17
VisualStudioVersion = 17.14.36518.9 d17.14
MinimumVisualStudioVersion = 10.0.40219.1
Project("{FAE04EC0-301F-11D3-BF4B-00C04F79EFBC}") = "PAV_PF_JorgeIsaacLopezV", "PAV_PF_JorgeIsaacLopezV\PAV_PF_JorgeIsaacLopezV.csproj", "{0EFBBBC1-33F4-41BE-9F69-2AA40ABBE1E5}"
EndProject
Global
	GlobalSection(SolutionConfigurationPlatforms) = preSolution
		Debug|Any CPU = Debug|Any CPU
		Release|Any CPU = Release|Any CPU
	EndGlobalSection
	GlobalSection(ProjectConfigurationPlatforms) = postSolution
		{0EFBBBC1-33F4-41BE-9F69-2AA40ABBE1E5}.Debug|Any CPU.ActiveCfg = Debug|Any CPU
		{0EFBBBC1-33F4-41BE-9F69-2AA40ABBE1E5}.Debug|Any CPU.Build.0 = Debug|Any CPU
		{0EFBBBC1-33F4-41BE-9F69-2AA40ABBE1E5}.Release|Any CPU.ActiveCfg = Release|Any CPU
		{0EFBBBC1-33F4-41BE-9F69-2AA40ABBE1E5}.Release|Any CPU.Build.0 = Release|Any CPU
	EndGlobalSection
	GlobalSection(SolutionProperties) = preSolution
		HideSolutionNode = FALSE
	EndGlobalSection
	GlobalSection(ExtensibilityGlobals) = postSolution
		SolutionGuid = {75180B2E-8BCD-4B73-A451-9D950C2B649D}
	EndGlobalSection
EndGlobal
